
Microsoft Visual Studio Solution File, Format Version 12.00
# Visual Studio 2013
VisualStudioVersion = 12.0.21005.1
MinimumVisualStudioVersion = 10.0.40219.1
Project("{FAE04EC0-301F-11D3-BF4B-00C04F79EFBC}") = "Vuelos", "Vuelos\Vuelos.csproj", "{594D415D-C357-49B9-B409-612AD5D0C6C2}"
EndProject
Project("{FAE04EC0-301F-11D3-BF4B-00C04F79EFBC}") = "Vuelos.Entidades", "Vuelos.Entidades\Vuelos.Entidades.csproj", "{84B07151-25AB-4297-9CF5-3E8FB79FFF7F}"
EndProject
Project("{FAE04EC0-301F-11D3-BF4B-00C04F79EFBC}") = "Vuelos.AccesoDatos", "Vuelos.AccesoDatos\Vuelos.AccesoDatos.csproj", "{B0C114DF-797F-4F73-811C-D6F0D0DA3256}"
EndProject
Project("{FAE04EC0-301F-11D3-BF4B-00C04F79EFBC}") = "Vuelos.ReglasNegocio", "Vuelos.ReglasNegocio\Vuelos.ReglasNegocio.csproj", "{7C06AC38-014C-4349-85E4-5D6EE9DB2882}"
EndProject
Project("{FAE04EC0-301F-11D3-BF4B-00C04F79EFBC}") = "Vuelos.UnitTest", "Vuelos.UnitTest\Vuelos.UnitTest.csproj", "{F3AE8087-DB2E-4C9C-9887-137C3AC65726}"
EndProject
Global
	GlobalSection(SolutionConfigurationPlatforms) = preSolution
		Debug|Any CPU = Debug|Any CPU
		Release|Any CPU = Release|Any CPU
	EndGlobalSection
	GlobalSection(ProjectConfigurationPlatforms) = postSolution
		{594D415D-C357-49B9-B409-612AD5D0C6C2}.Debug|Any CPU.ActiveCfg = Debug|Any CPU
		{594D415D-C357-49B9-B409-612AD5D0C6C2}.Debug|Any CPU.Build.0 = Debug|Any CPU
		{594D415D-C357-49B9-B409-612AD5D0C6C2}.Release|Any CPU.ActiveCfg = Release|Any CPU
		{594D415D-C357-49B9-B409-612AD5D0C6C2}.Release|Any CPU.Build.0 = Release|Any CPU
		{84B07151-25AB-4297-9CF5-3E8FB79FFF7F}.Debug|Any CPU.ActiveCfg = Debug|Any CPU
		{84B07151-25AB-4297-9CF5-3E8FB79FFF7F}.Debug|Any CPU.Build.0 = Debug|Any CPU
		{84B07151-25AB-4297-9CF5-3E8FB79FFF7F}.Release|Any CPU.ActiveCfg = Release|Any CPU
		{84B07151-25AB-4297-9CF5-3E8FB79FFF7F}.Release|Any CPU.Build.0 = Release|Any CPU
		{B0C114DF-797F-4F73-811C-D6F0D0DA3256}.Debug|Any CPU.ActiveCfg = Debug|Any CPU
		{B0C114DF-797F-4F73-811C-D6F0D0DA3256}.Debug|Any CPU.Build.0 = Debug|Any CPU
		{B0C114DF-797F-4F73-811C-D6F0D0DA3256}.Release|Any CPU.ActiveCfg = Release|Any CPU
		{B0C114DF-797F-4F73-811C-D6F0D0DA3256}.Release|Any CPU.Build.0 = Release|Any CPU
		{7C06AC38-014C-4349-85E4-5D6EE9DB2882}.Debug|Any CPU.ActiveCfg = Debug|Any CPU
		{7C06AC38-014C-4349-85E4-5D6EE9DB2882}.Debug|Any CPU.Build.0 = Debug|Any CPU
		{7C06AC38-014C-4349-85E4-5D6EE9DB2882}.Release|Any CPU.ActiveCfg = Release|Any CPU
		{7C06AC38-014C-4349-85E4-5D6EE9DB2882}.Release|Any CPU.Build.0 = Release|Any CPU
		{F3AE8087-DB2E-4C9C-9887-137C3AC65726}.Debug|Any CPU.ActiveCfg = Debug|Any CPU
		{F3AE8087-DB2E-4C9C-9887-137C3AC65726}.Debug|Any CPU.Build.0 = Debug|Any CPU
		{F3AE8087-DB2E-4C9C-9887-137C3AC65726}.Release|Any CPU.ActiveCfg = Release|Any CPU
		{F3AE8087-DB2E-4C9C-9887-137C3AC65726}.Release|Any CPU.Build.0 = Release|Any CPU
	EndGlobalSection
	GlobalSection(SolutionProperties) = preSolution
		HideSolutionNode = FALSE
	EndGlobalSection
EndGlobal
